
Microsoft Visual Studio Solution File, Format Version 12.00
# Visual Studio 15
VisualStudioVersion = 15.0.28307.421
MinimumVisualStudioVersion = 10.0.40219.1
Project("{8BC9CEB8-8B4A-11D0-8D11-00A0C91BC942}") = "SeabreezeCPPTest", "SeabreezeCPPTest\SeabreezeCPPTest.vcxproj", "{95E50979-AE5A-4EC4-A5BA-93A99B21B56F}"
EndProject
Global
	GlobalSection(SolutionConfigurationPlatforms) = preSolution
		Debug|x64 = Debug|x64
		Debug|x86 = Debug|x86
		Release|x64 = Release|x64
		Release|x86 = Release|x86
	EndGlobalSection
	GlobalSection(ProjectConfigurationPlatforms) = postSolution
		{95E50979-AE5A-4EC4-A5BA-93A99B21B56F}.Debug|x64.ActiveCfg = Debug|x64
		{95E50979-AE5A-4EC4-A5BA-93A99B21B56F}.Debug|x64.Build.0 = Debug|x64
		{95E50979-AE5A-4EC4-A5BA-93A99B21B56F}.Debug|x86.ActiveCfg = Debug|Win32
		{95E50979-AE5A-4EC4-A5BA-93A99B21B56F}.Debug|x86.Build.0 = Debug|Win32
		{95E50979-AE5A-4EC4-A5BA-93A99B21B56F}.Release|x64.ActiveCfg = Release|x64
		{95E50979-AE5A-4EC4-A5BA-93A99B21B56F}.Release|x64.Build.0 = Release|x64
		{95E50979-AE5A-4EC4-A5BA-93A99B21B56F}.Release|x86.ActiveCfg = Release|Win32
		{95E50979-AE5A-4EC4-A5BA-93A99B21B56F}.Release|x86.Build.0 = Release|Win32
	EndGlobalSection
	GlobalSection(SolutionProperties) = preSolution
		HideSolutionNode = FALSE
	EndGlobalSection
	GlobalSection(ExtensibilityGlobals) = postSolution
		SolutionGuid = {0E128D3C-C307-497D-80D8-D805F6D39FE2}
	EndGlobalSection
EndGlobal
